
Microsoft Visual Studio Solution File, Format Version 12.00
# Visual Studio 15
VisualStudioVersion = 15.0.27703.2026
MinimumVisualStudioVersion = 10.0.40219.1
Project("{FAE04EC0-301F-11D3-BF4B-00C04F79EFBC}") = "Cars_DealerShip_FinalCapstone", "Cars_DealerShip_FinalCapstone\Cars_DealerShip_FinalCapstone.csproj", "{C5936C8D-12E2-4CB3-A3D3-B164CEA0AC60}"
EndProject
Global
	GlobalSection(SolutionConfigurationPlatforms) = preSolution
		Debug|Any CPU = Debug|Any CPU
		Release|Any CPU = Release|Any CPU
	EndGlobalSection
	GlobalSection(ProjectConfigurationPlatforms) = postSolution
		{C5936C8D-12E2-4CB3-A3D3-B164CEA0AC60}.Debug|Any CPU.ActiveCfg = Debug|Any CPU
		{C5936C8D-12E2-4CB3-A3D3-B164CEA0AC60}.Debug|Any CPU.Build.0 = Debug|Any CPU
		{C5936C8D-12E2-4CB3-A3D3-B164CEA0AC60}.Release|Any CPU.ActiveCfg = Release|Any CPU
		{C5936C8D-12E2-4CB3-A3D3-B164CEA0AC60}.Release|Any CPU.Build.0 = Release|Any CPU
	EndGlobalSection
	GlobalSection(SolutionProperties) = preSolution
		HideSolutionNode = FALSE
	EndGlobalSection
	GlobalSection(ExtensibilityGlobals) = postSolution
		SolutionGuid = {6F279C2A-7514-4F86-822B-E4DE7C4A000C}
	EndGlobalSection
EndGlobal
